
Microsoft Visual Studio Solution File, Format Version 12.00
# Visual Studio Version 16
VisualStudioVersion = 16.0.28803.202
MinimumVisualStudioVersion = 10.0.40219.1
Project("{FAE04EC0-301F-11D3-BF4B-00C04F79EFBC}") = "web-push-api", "web-push-api\web-push-api.csproj", "{5A7E75B5-335F-4BA0-AC48-DD36C303347E}"
EndProject
Global
	GlobalSection(SolutionConfigurationPlatforms) = preSolution
		Debug|Any CPU = Debug|Any CPU
		Release|Any CPU = Release|Any CPU
	EndGlobalSection
	GlobalSection(ProjectConfigurationPlatforms) = postSolution
		{5A7E75B5-335F-4BA0-AC48-DD36C303347E}.Debug|Any CPU.ActiveCfg = Debug|Any CPU
		{5A7E75B5-335F-4BA0-AC48-DD36C303347E}.Debug|Any CPU.Build.0 = Debug|Any CPU
		{5A7E75B5-335F-4BA0-AC48-DD36C303347E}.Release|Any CPU.ActiveCfg = Release|Any CPU
		{5A7E75B5-335F-4BA0-AC48-DD36C303347E}.Release|Any CPU.Build.0 = Release|Any CPU
	EndGlobalSection
	GlobalSection(SolutionProperties) = preSolution
		HideSolutionNode = FALSE
	EndGlobalSection
	GlobalSection(ExtensibilityGlobals) = postSolution
		SolutionGuid = {C2151187-5DCA-4CDC-9D6C-43A9C7C80317}
	EndGlobalSection
EndGlobal
